{
  "requires": true,
  "lockfileVersion": 1,
  "dependencies": {
    "purecss": {
      "version": "1.0.0",
      "resolved": "http://ec4t01664.itcs.entsvcs.net:8081/repository/vpc-npm-registry/purecss/-/purecss-1.0.0.tgz",
      "integrity": "sha512-gfC78WCOWNnfkzulx9aoWwcl+0JflhwKeJ+k9s/ZyIawfYNA4bqBmt0DtfgtQK9iuYMtGfbdE8R2AQMjSWR2VQ=="
    },
    "ukulelejs": {
      "version": "1.3.4",
      "resolved": "http://ec4t01664.itcs.entsvcs.net:8081/repository/vpc-npm-registry/ukulelejs/-/ukulelejs-1.3.4.tgz",
      "integrity": "sha1-/Mv0FQ487Udl7LSN+Tyb7VqDGEk="
    }
  }
}
